// !$*UTF8*$!
{
	archiveVersion = 1;
	classes = {
	};
	objectVersion = 46;
	objects = {

/* Begin PBXBuildFile section */
		53799BB91CDF5661002BDC9C /* AppDelegate.swift in Sources */ = {isa = PBXBuildFile; fileRef = 53799BB81CDF5661002BDC9C /* AppDelegate.swift */; };
		53799BC01CDF5661002BDC9C /* Main.storyboard in Resources */ = {isa = PBXBuildFile; fileRef = 53799BBE1CDF5661002BDC9C /* Main.storyboard */; };
		53799BC21CDF5661002BDC9C /* Assets.xcassets in Resources */ = {isa = PBXBuildFile; fileRef = 53799BC11CDF5661002BDC9C /* Assets.xcassets */; };
		53799BC51CDF5661002BDC9C /* LaunchScreen.storyboard in Resources */ = {isa = PBXBuildFile; fileRef = 53799BC31CDF5661002BDC9C /* LaunchScreen.storyboard */; };
		53799BD01CDF5661002BDC9C /* lab2Tests.swift in Sources */ = {isa = PBXBuildFile; fileRef = 53799BCF1CDF5661002BDC9C /* lab2Tests.swift */; };
		53799BDB1CDF5661002BDC9C /* lab2UITests.swift in Sources */ = {isa = PBXBuildFile; fileRef = 53799BDA1CDF5661002BDC9C /* lab2UITests.swift */; };
		53799BE91CDF593C002BDC9C /* PlayersViewController.swift in Sources */ = {isa = PBXBuildFile; fileRef = 53799BE81CDF593C002BDC9C /* PlayersViewController.swift */; };
		53799BEB1CDF594B002BDC9C /* GesturesViewController.swift in Sources */ = {isa = PBXBuildFile; fileRef = 53799BEA1CDF594B002BDC9C /* GesturesViewController.swift */; };
		53799BED1CDF5A55002BDC9C /* Player.swift in Sources */ = {isa = PBXBuildFile; fileRef = 53799BEC1CDF5A55002BDC9C /* Player.swift */; };
		53799BEF1CDF5AAC002BDC9C /* SampleData.swift in Sources */ = {isa = PBXBuildFile; fileRef = 53799BEE1CDF5AAC002BDC9C /* SampleData.swift */; };
		53799BF11CDF6032002BDC9C /* PlayerCell.swift in Sources */ = {isa = PBXBuildFile; fileRef = 53799BF01CDF6032002BDC9C /* PlayerCell.swift */; };
		53799BF91CE04CA8002BDC9C /* PlayerDetailsViewController.swift in Sources */ = {isa = PBXBuildFile; fileRef = 53799BF81CE04CA8002BDC9C /* PlayerDetailsViewController.swift */; };
/* End PBXBuildFile section */

/* Begin PBXContainerItemProxy section */
		53799BCC1CDF5661002BDC9C /* PBXContainerItemProxy */ = {
			isa = PBXContainerItemProxy;
			containerPortal = 53799BAD1CDF5661002BDC9C /* Project object */;
			proxyType = 1;
			remoteGlobalIDString = 53799BB41CDF5661002BDC9C;
			remoteInfo = lab2;
		};
		53799BD71CDF5661002BDC9C /* PBXContainerItemProxy */ = {
			isa = PBXContainerItemProxy;
			containerPortal = 53799BAD1CDF5661002BDC9C /* Project object */;
			proxyType = 1;
			remoteGlobalIDString = 53799BB41CDF5661002BDC9C;
			remoteInfo = lab2;
		};
/* End PBXContainerItemProxy section */

/* Begin PBXFileReference section */
		53799BB51CDF5661002BDC9C /* lab2.app */ = {isa = PBXFileReference; explicitFileType = wrapper.application; includeInIndex = 0; path = lab2.app; sourceTree = BUILT_PRODUCTS_DIR; };
		53799BB81CDF5661002BDC9C /* AppDelegate.swift */ = {isa = PBXFileReference; lastKnownFileType = sourcecode.swift; path = AppDelegate.swift; sourceTree = "<group>"; };
		53799BBF1CDF5661002BDC9C /* Base */ = {isa = PBXFileReference; lastKnownFileType = file.storyboard; name = Base; path = Base.lproj/Main.storyboard; sourceTree = "<group>"; };
		53799BC11CDF5661002BDC9C /* Assets.xcassets */ = {isa = PBXFileReference; lastKnownFileType = folder.assetcatalog; path = Assets.xcassets; sourceTree = "<group>"; };
		53799BC41CDF5661002BDC9C /* Base */ = {isa = PBXFileReference; lastKnownFileType = file.storyboard; name = Base; path = Base.lproj/LaunchScreen.storyboard; sourceTree = "<group>"; };
		53799BC61CDF5661002BDC9C /* Info.plist */ = {isa = PBXFileReference; lastKnownFileType = text.plist.xml; path = Info.plist; sourceTree = "<group>"; };
		53799BCB1CDF5661002BDC9C /* lab2Tests.xctest */ = {isa = PBXFileReference; explicitFileType = wrapper.cfbundle; includeInIndex = 0; path = lab2Tests.xctest; sourceTree = BUILT_PRODUCTS_DIR; };
		53799BCF1CDF5661002BDC9C /* lab2Tests.swift */ = {isa = PBXFileReference; lastKnownFileType = sourcecode.swift; path = lab2Tests.swift; sourceTree = "<group>"; };
		53799BD11CDF5661002BDC9C /* Info.plist */ = {isa = PBXFileReference; lastKnownFileType = text.plist.xml; path = Info.plist; sourceTree = "<group>"; };
		53799BD61CDF5661002BDC9C /* lab2UITests.xctest */ = {isa = PBXFileReference; explicitFileType = wrapper.cfbundle; includeInIndex = 0; path = lab2UITests.xctest; sourceTree = BUILT_PRODUCTS_DIR; };
		53799BDA1CDF5661002BDC9C /* lab2UITests.swift */ = {isa = PBXFileReference; lastKnownFileType = sourcecode.swift; path = lab2UITests.swift; sourceTree = "<group>"; };
		53799BDC1CDF5661002BDC9C /* Info.plist */ = {isa = PBXFileReference; lastKnownFileType = text.plist.xml; path = Info.plist; sourceTree = "<group>"; };
		53799BE81CDF593C002BDC9C /* PlayersViewController.swift */ = {isa = PBXFileReference; fileEncoding = 4; lastKnownFileType = sourcecode.swift; path = PlayersViewController.swift; sourceTree = "<group>"; };
		53799BEA1CDF594B002BDC9C /* GesturesViewController.swift */ = {isa = PBXFileReference; fileEncoding = 4; lastKnownFileType = sourcecode.swift; path = GesturesViewController.swift; sourceTree = "<group>"; };
		53799BEC1CDF5A55002BDC9C /* Player.swift */ = {isa = PBXFileReference; fileEncoding = 4; lastKnownFileType = sourcecode.swift; path = Player.swift; sourceTree = "<group>"; };
		53799BEE1CDF5AAC002BDC9C /* SampleData.swift */ = {isa = PBXFileReference; fileEncoding = 4; lastKnownFileType = sourcecode.swift; path = SampleData.swift; sourceTree = "<group>"; };
		53799BF01CDF6032002BDC9C /* PlayerCell.swift */ = {isa = PBXFileReference; fileEncoding = 4; lastKnownFileType = sourcecode.swift; path = PlayerCell.swift; sourceTree = "<group>"; };
		53799BF81CE04CA8002BDC9C /* PlayerDetailsViewController.swift */ = {isa = PBXFileReference; fileEncoding = 4; lastKnownFileType = sourcecode.swift; path = PlayerDetailsViewController.swift; sourceTree = "<group>"; };
/* End PBXFileReference section */

/* Begin PBXFrameworksBuildPhase section */
		53799BB21CDF5661002BDC9C /* Frameworks */ = {
			isa = PBXFrameworksBuildPhase;
			buildActionMask = 2147483647;
			files = (
			);
			runOnlyForDeploymentPostprocessing = 0;
		};
		53799BC81CDF5661002BDC9C /* Frameworks */ = {
			isa = PBXFrameworksBuildPhase;
			buildActionMask = 2147483647;
			files = (
			);
			runOnlyForDeploymentPostprocessing = 0;
		};
		53799BD31CDF5661002BDC9C /* Frameworks */ = {
			isa = PBXFrameworksBuildPhase;
			buildActionMask = 2147483647;
			files = (
			);
			runOnlyForDeploymentPostprocessing = 0;
		};
/* End PBXFrameworksBuildPhase section */

/* Begin PBXGroup section */
		53799BAC1CDF5661002BDC9C = {
			isa = PBXGroup;
			children = (
				53799BB71CDF5661002BDC9C /* lab2 */,
				53799BCE1CDF5661002BDC9C /* lab2Tests */,
				53799BD91CDF5661002BDC9C /* lab2UITests */,
				53799BB61CDF5661002BDC9C /* Products */,
			);
			sourceTree = "<group>";
		};
		53799BB61CDF5661002BDC9C /* Products */ = {
			isa = PBXGroup;
			children = (
				53799BB51CDF5661002BDC9C /* lab2.app */,
				53799BCB1CDF5661002BDC9C /* lab2Tests.xctest */,
				53799BD61CDF5661002BDC9C /* lab2UITests.xctest */,
			);
			name = Products;
			sourceTree = "<group>";
		};
		53799BB71CDF5661002BDC9C /* lab2 */ = {
			isa = PBXGroup;
			children = (
				53799BB81CDF5661002BDC9C /* AppDelegate.swift */,
				53799BBE1CDF5661002BDC9C /* Main.storyboard */,
				53799BE81CDF593C002BDC9C /* PlayersViewController.swift */,
				53799BEA1CDF594B002BDC9C /* GesturesViewController.swift */,
				53799BF81CE04CA8002BDC9C /* PlayerDetailsViewController.swift */,
				53799BF01CDF6032002BDC9C /* PlayerCell.swift */,
				53799BEC1CDF5A55002BDC9C /* Player.swift */,
				53799BEE1CDF5AAC002BDC9C /* SampleData.swift */,
				53799BC11CDF5661002BDC9C /* Assets.xcassets */,
				53799BC31CDF5661002BDC9C /* LaunchScreen.storyboard */,
				53799BC61CDF5661002BDC9C /* Info.plist */,
			);
			path = lab2;
			sourceTree = "<group>";
		};
		53799BCE1CDF5661002BDC9C /* lab2Tests */ = {
			isa = PBXGroup;
			children = (
				53799BCF1CDF5661002BDC9C /* lab2Tests.swift */,
				53799BD11CDF5661002BDC9C /* Info.plist */,
			);
			path = lab2Tests;
			sourceTree = "<group>";
		};
		53799BD91CDF5661002BDC9C /* lab2UITests */ = {
			isa = PBXGroup;
			children = (
				53799BDA1CDF5661002BDC9C /* lab2UITests.swift */,
				53799BDC1CDF5661002BDC9C /* Info.plist */,
			);
			path = lab2UITests;
			sourceTree = "<group>";
		};
/* End PBXGroup section */

/* Begin PBXNativeTarget section */
		53799BB41CDF5661002BDC9C /* lab2 */ = {
			isa = PBXNativeTarget;
			buildConfigurationList = 53799BDF1CDF5661002BDC9C /* Build configuration list for PBXNativeTarget "lab2" */;
			buildPhases = (
				53799BB11CDF5661002BDC9C /* Sources */,
				53799BB21CDF5661002BDC9C /* Frameworks */,
				53799BB31CDF5661002BDC9C /* Resources */,
			);
			buildRules = (
			);
			dependencies = (
			);
			name = lab2;
			productName = lab2;
			productReference = 53799BB51CDF5661002BDC9C /* lab2.app */;
			productType = "com.apple.product-type.application";
		};
		53799BCA1CDF5661002BDC9C /* lab2Tests */ = {
			isa = PBXNativeTarget;
			buildConfigurationList = 53799BE21CDF5661002BDC9C /* Build configuration list for PBXNativeTarget "lab2Tests" */;
			buildPhases = (
				53799BC71CDF5661002BDC9C /* Sources */,
				53799BC81CDF5661002BDC9C /* Frameworks */,
				53799BC91CDF5661002BDC9C /* Resources */,
			);
			buildRules = (
			);
			dependencies = (
				53799BCD1CDF5661002BDC9C /* PBXTargetDependency */,
			);
			name = lab2Tests;
			productName = lab2Tests;
			productReference = 53799BCB1CDF5661002BDC9C /* lab2Tests.xctest */;
			productType = "com.apple.product-type.bundle.unit-test";
		};
		53799BD51CDF5661002BDC9C /* lab2UITests */ = {
			isa = PBXNativeTarget;
			buildConfigurationList = 53799BE51CDF5661002BDC9C /* Build configuration list for PBXNativeTarget "lab2UITests" */;
			buildPhases = (
				53799BD21CDF5661002BDC9C /* Sources */,
				53799BD31CDF5661002BDC9C /* Frameworks */,
				53799BD41CDF5661002BDC9C /* Resources */,
			);
			buildRules = (
			);
			dependencies = (
				53799BD81CDF5661002BDC9C /* PBXTargetDependency */,
			);
			name = lab2UITests;
			productName = lab2UITests;
			productReference = 53799BD61CDF5661002BDC9C /* lab2UITests.xctest */;
			productType = "com.apple.product-type.bundle.ui-testing";
		};
/* End PBXNativeTarget section */

/* Begin PBXProject section */
		53799BAD1CDF5661002BDC9C /* Project object */ = {
			isa = PBXProject;
			attributes = {
				LastSwiftUpdateCheck = 0730;
				LastUpgradeCheck = 0730;
				ORGANIZATIONNAME = kchoison;
				TargetAttributes = {
					53799BB41CDF5661002BDC9C = {
						CreatedOnToolsVersion = 7.3;
					};
					53799BCA1CDF5661002BDC9C = {
						CreatedOnToolsVersion = 7.3;
						TestTargetID = 53799BB41CDF5661002BDC9C;
					};
					53799BD51CDF5661002BDC9C = {
						CreatedOnToolsVersion = 7.3;
						TestTargetID = 53799BB41CDF5661002BDC9C;
					};
				};
			};
			buildConfigurationList = 53799BB01CDF5661002BDC9C /* Build configuration list for PBXProject "lab2" */;
			compatibilityVersion = "Xcode 3.2";
			developmentRegion = English;
			hasScannedForEncodings = 0;
			knownRegions = (
				en,
				Base,
			);
			mainGroup = 53799BAC1CDF5661002BDC9C;
			productRefGroup = 53799BB61CDF5661002BDC9C /* Products */;
			projectDirPath = "";
			projectRoot = "";
			targets = (
				53799BB41CDF5661002BDC9C /* lab2 */,
				53799BCA1CDF5661002BDC9C /* lab2Tests */,
				53799BD51CDF5661002BDC9C /* lab2UITests */,
			);
		};
/* End PBXProject section */

/* Begin PBXResourcesBuildPhase section */
		53799BB31CDF5661002BDC9C /* Resources */ = {
			isa = PBXResourcesBuildPhase;
			buildActionMask = 2147483647;
			files = (
				53799BC51CDF5661002BDC9C /* LaunchScreen.storyboard in Resources */,
				53799BC21CDF5661002BDC9C /* Assets.xcassets in Resources */,
				53799BC01CDF5661002BDC9C /* Main.storyboard in Resources */,
			);
			runOnlyForDeploymentPostprocessing = 0;
		};
		53799BC91CDF5661002BDC9C /* Resources */ = {
			isa = PBXResourcesBuildPhase;
			buildActionMask = 2147483647;
			files = (
			);
			runOnlyForDeploymentPostprocessing = 0;
		};
		53799BD41CDF5661002BDC9C /* Resources */ = {
			isa = PBXResourcesBuildPhase;
			buildActionMask = 2147483647;
			files = (
			);
			runOnlyForDeploymentPostprocessing = 0;
		};
/* End PBXResourcesBuildPhase section */

/* Begin PBXSourcesBuildPhase section */
		53799BB11CDF5661002BDC9C /* Sources */ = {
			isa = PBXSourcesBuildPhase;
			buildActionMask = 2147483647;
			files = (
				53799BF11CDF6032002BDC9C /* PlayerCell.swift in Sources */,
				53799BED1CDF5A55002BDC9C /* Player.swift in Sources */,
				53799BB91CDF5661002BDC9C /* AppDelegate.swift in Sources */,
				53799BF91CE04CA8002BDC9C /* PlayerDetailsViewController.swift in Sources */,
				53799BE91CDF593C002BDC9C /* PlayersViewController.swift in Sources */,
				53799BEF1CDF5AAC002BDC9C /* SampleData.swift in Sources */,
				53799BEB1CDF594B002BDC9C /* GesturesViewController.swift in Sources */,
			);
			runOnlyForDeploymentPostprocessing = 0;
		};
		53799BC71CDF5661002BDC9C /* Sources */ = {
			isa = PBXSourcesBuildPhase;
			buildActionMask = 2147483647;
			files = (
				53799BD01CDF5661002BDC9C /* lab2Tests.swift in Sources */,
			);
			runOnlyForDeploymentPostprocessing = 0;
		};
		53799BD21CDF5661002BDC9C /* Sources */ = {
			isa = PBXSourcesBuildPhase;
			buildActionMask = 2147483647;
			files = (
				53799BDB1CDF5661002BDC9C /* lab2UITests.swift in Sources */,
			);
			runOnlyForDeploymentPostprocessing = 0;
		};
/* End PBXSourcesBuildPhase section */

/* Begin PBXTargetDependency section */
		53799BCD1CDF5661002BDC9C /* PBXTargetDependency */ = {
			isa = PBXTargetDependency;
			target = 53799BB41CDF5661002BDC9C /* lab2 */;
			targetProxy = 53799BCC1CDF5661002BDC9C /* PBXContainerItemProxy */;
		};
		53799BD81CDF5661002BDC9C /* PBXTargetDependency */ = {
			isa = PBXTargetDependency;
			target = 53799BB41CDF5661002BDC9C /* lab2 */;
			targetProxy = 53799BD71CDF5661002BDC9C /* PBXContainerItemProxy */;
		};
/* End PBXTargetDependency section */

/* Begin PBXVariantGroup section */
		53799BBE1CDF5661002BDC9C /* Main.storyboard */ = {
			isa = PBXVariantGroup;
			children = (
				53799BBF1CDF5661002BDC9C /* Base */,
			);
			name = Main.storyboard;
			sourceTree = "<group>";
		};
		53799BC31CDF5661002BDC9C /* LaunchScreen.storyboard */ = {
			isa = PBXVariantGroup;
			children = (
				53799BC41CDF5661002BDC9C /* Base */,
			);
			name = LaunchScreen.storyboard;
			sourceTree = "<group>";
		};
/* End PBXVariantGroup section */

/* Begin XCBuildConfiguration section */
		53799BDD1CDF5661002BDC9C /* Debug */ = {
			isa = XCBuildConfiguration;
			buildSettings = {
				ALWAYS_SEARCH_USER_PATHS = NO;
				CLANG_ANALYZER_NONNULL = YES;
				CLANG_CXX_LANGUAGE_STANDARD = "gnu++0x";
				CLANG_CXX_LIBRARY = "libc++";
				CLANG_ENABLE_MODULES = YES;
				CLANG_ENABLE_OBJC_ARC = YES;
				CLANG_WARN_BOOL_CONVERSION = YES;
				CLANG_WARN_CONSTANT_CONVERSION = YES;
				CLANG_WARN_DIRECT_OBJC_ISA_USAGE = YES_ERROR;
				CLANG_WARN_EMPTY_BODY = YES;
				CLANG_WARN_ENUM_CONVERSION = YES;
				CLANG_WARN_INT_CONVERSION = YES;
				CLANG_WARN_OBJC_ROOT_CLASS = YES_ERROR;
				CLANG_WARN_UNREACHABLE_CODE = YES;
				CLANG_WARN__DUPLICATE_METHOD_MATCH = YES;
				"CODE_SIGN_IDENTITY[sdk=iphoneos*]" = "iPhone Developer";
				COPY_PHASE_STRIP = NO;
				DEBUG_INFORMATION_FORMAT = dwarf;
				ENABLE_STRICT_OBJC_MSGSEND = YES;
				ENABLE_TESTABILITY = YES;
				GCC_C_LANGUAGE_STANDARD = gnu99;
				GCC_DYNAMIC_NO_PIC = NO;
				GCC_NO_COMMON_BLOCKS = YES;
				GCC_OPTIMIZATION_LEVEL = 0;
				GCC_PREPROCESSOR_DEFINITIONS = (
					"DEBUG=1",
					"$(inherited)",
				);
				GCC_WARN_64_TO_32_BIT_CONVERSION = YES;
				GCC_WARN_ABOUT_RETURN_TYPE = YES_ERROR;
				GCC_WARN_UNDECLARED_SELECTOR = YES;
				GCC_WARN_UNINITIALIZED_AUTOS = YES_AGGRESSIVE;
				GCC_WARN_UNUSED_FUNCTION = YES;
				GCC_WARN_UNUSED_VARIABLE = YES;
				IPHONEOS_DEPLOYMENT_TARGET = 9.3;
				MTL_ENABLE_DEBUG_INFO = YES;
				ONLY_ACTIVE_ARCH = YES;
				SDKROOT = iphoneos;
				SWIFT_OPTIMIZATION_LEVEL = "-Onone";
			};
			name = Debug;
		};
		53799BDE1CDF5661002BDC9C /* Release */ = {
			isa = XCBuildConfiguration;
			buildSettings = {
				ALWAYS_SEARCH_USER_PATHS = NO;
				CLANG_ANALYZER_NONNULL = YES;
				CLANG_CXX_LANGUAGE_STANDARD = "gnu++0x";
				CLANG_CXX_LIBRARY = "libc++";
				CLANG_ENABLE_MODULES = YES;
				CLANG_ENABLE_OBJC_ARC = YES;
				CLANG_WARN_BOOL_CONVERSION = YES;
				CLANG_WARN_CONSTANT_CONVERSION = YES;
				CLANG_WARN_DIRECT_OBJC_ISA_USAGE = YES_ERROR;
				CLANG_WARN_EMPTY_BODY = YES;
				CLANG_WARN_ENUM_CONVERSION = YES;
				CLANG_WARN_INT_CONVERSION = YES;
				CLANG_WARN_OBJC_ROOT_CLASS = YES_ERROR;
				CLANG_WARN_UNREACHABLE_CODE = YES;
				CLANG_WARN__DUPLICATE_METHOD_MATCH = YES;
				"CODE_SIGN_IDENTITY[sdk=iphoneos*]" = "iPhone Developer";
				COPY_PHASE_STRIP = NO;
				DEBUG_INFORMATION_FORMAT = "dwarf-with-dsym";
				ENABLE_NS_ASSERTIONS = NO;
				ENABLE_STRICT_OBJC_MSGSEND = YES;
				GCC_C_LANGUAGE_STANDARD = gnu99;
				GCC_NO_COMMON_BLOCKS = YES;
				GCC_WARN_64_TO_32_BIT_CONVERSION = YES;
				GCC_WARN_ABOUT_RETURN_TYPE = YES_ERROR;
				GCC_WARN_UNDECLARED_SELECTOR = YES;
				GCC_WARN_UNINITIALIZED_AUTOS = YES_AGGRESSIVE;
				GCC_WARN_UNUSED_FUNCTION = YES;
				GCC_WARN_UNUSED_VARIABLE = YES;
				IPHONEOS_DEPLOYMENT_TARGET = 9.3;
				MTL_ENABLE_DEBUG_INFO = NO;
				SDKROOT = iphoneos;
				VALIDATE_PRODUCT = YES;
			};
			name = Release;
		};
		53799BE01CDF5661002BDC9C /* Debug */ = {
			isa = XCBuildConfiguration;
			buildSettings = {
				ASSETCATALOG_COMPILER_APPICON_NAME = AppIcon;
				INFOPLIST_FILE = lab2/Info.plist;
				LD_RUNPATH_SEARCH_PATHS = "$(inherited) @executable_path/Frameworks";
				PRODUCT_BUNDLE_IDENTIFIER = edu.ucsd.kchoison.ece158b.lab2;
				PRODUCT_NAME = "$(TARGET_NAME)";
			};
			name = Debug;
		};
		53799BE11CDF5661002BDC9C /* Release */ = {
			isa = XCBuildConfiguration;
			buildSettings = {
				ASSETCATALOG_COMPILER_APPICON_NAME = AppIcon;
				INFOPLIST_FILE = lab2/Info.plist;
				LD_RUNPATH_SEARCH_PATHS = "$(inherited) @executable_path/Frameworks";
				PRODUCT_BUNDLE_IDENTIFIER = edu.ucsd.kchoison.ece158b.lab2;
				PRODUCT_NAME = "$(TARGET_NAME)";
			};
			name = Release;
		};
		53799BE31CDF5661002BDC9C /* Debug */ = {
			isa = XCBuildConfiguration;
			buildSettings = {
				BUNDLE_LOADER = "$(TEST_HOST)";
				INFOPLIST_FILE = lab2Tests/Info.plist;
				LD_RUNPATH_SEARCH_PATHS = "$(inherited) @executable_path/Frameworks @loader_path/Frameworks";
				PRODUCT_BUNDLE_IDENTIFIER = edu.ucsd.kchoison.ece158b.lab2Tests;
				PRODUCT_NAME = "$(TARGET_NAME)";
				TEST_HOST = "$(BUILT_PRODUCTS_DIR)/lab2.app/lab2";
			};
			name = Debug;
		};
		53799BE41CDF5661002BDC9C /* Release */ = {
			isa = XCBuildConfiguration;
			buildSettings = {
				BUNDLE_LOADER = "$(TEST_HOST)";
				INFOPLIST_FILE = lab2Tests/Info.plist;
				LD_RUNPATH_SEARCH_PATHS = "$(inherited) @executable_path/Frameworks @loader_path/Frameworks";
				PRODUCT_BUNDLE_IDENTIFIER = edu.ucsd.kchoison.ece158b.lab2Tests;
				PRODUCT_NAME = "$(TARGET_NAME)";
				TEST_HOST = "$(BUILT_PRODUCTS_DIR)/lab2.app/lab2";
			};
			name = Release;
		};
		53799BE61CDF5661002BDC9C /* Debug */ = {
			isa = XCBuildConfiguration;
			buildSettings = {
				INFOPLIST_FILE = lab2UITests/Info.plist;
				LD_RUNPATH_SEARCH_PATHS = "$(inherited) @executable_path/Frameworks @loader_path/Frameworks";
				PRODUCT_BUNDLE_IDENTIFIER = edu.ucsd.kchoison.ece158b.lab2UITests;
				PRODUCT_NAME = "$(TARGET_NAME)";
				TEST_TARGET_NAME = lab2;
			};
			name = Debug;
		};
		53799BE71CDF5661002BDC9C /* Release */ = {
			isa = XCBuildConfiguration;
			buildSettings = {
				INFOPLIST_FILE = lab2UITests/Info.plist;
				LD_RUNPATH_SEARCH_PATHS = "$(inherited) @executable_path/Frameworks @loader_path/Frameworks";
				PRODUCT_BUNDLE_IDENTIFIER = edu.ucsd.kchoison.ece158b.lab2UITests;
				PRODUCT_NAME = "$(TARGET_NAME)";
				TEST_TARGET_NAME = lab2;
			};
			name = Release;
		};
/* End XCBuildConfiguration section */

/* Begin XCConfigurationList section */
		53799BB01CDF5661002BDC9C /* Build configuration list for PBXProject "lab2" */ = {
			isa = XCConfigurationList;
			buildConfigurations = (
				53799BDD1CDF5661002BDC9C /* Debug */,
				53799BDE1CDF5661002BDC9C /* Release */,
			);
			defaultConfigurationIsVisible = 0;
			defaultConfigurationName = Release;
		};
		53799BDF1CDF5661002BDC9C /* Build configuration list for PBXNativeTarget "lab2" */ = {
			isa = XCConfigurationList;
			buildConfigurations = (
				53799BE01CDF5661002BDC9C /* Debug */,
				53799BE11CDF5661002BDC9C /* Release */,
			);
			defaultConfigurationIsVisible = 0;
			defaultConfigurationName = Release;
		};
		53799BE21CDF5661002BDC9C /* Build configuration list for PBXNativeTarget "lab2Tests" */ = {
			isa = XCConfigurationList;
			buildConfigurations = (
				53799BE31CDF5661002BDC9C /* Debug */,
				53799BE41CDF5661002BDC9C /* Release */,
			);
			defaultConfigurationIsVisible = 0;
			defaultConfigurationName = Release;
		};
		53799BE51CDF5661002BDC9C /* Build configuration list for PBXNativeTarget "lab2UITests" */ = {
			isa = XCConfigurationList;
			buildConfigurations = (
				53799BE61CDF5661002BDC9C /* Debug */,
				53799BE71CDF5661002BDC9C /* Release */,
			);
			defaultConfigurationIsVisible = 0;
			defaultConfigurationName = Release;
		};
/* End XCConfigurationList section */
	};
	rootObject = 53799BAD1CDF5661002BDC9C /* Project object */;
}
